
Microsoft Visual Studio Solution File, Format Version 12.00
# Visual Studio Version 16
VisualStudioVersion = 16.0.30621.155
MinimumVisualStudioVersion = 10.0.40219.1
Project("{FAE04EC0-301F-11D3-BF4B-00C04F79EFBC}") = "Primavera.Importacoes", "Primavera.Importacoes.csproj", "{DDA31A67-8999-4658-8F8A-C033731D65F2}"
EndProject
Global
	GlobalSection(SolutionConfigurationPlatforms) = preSolution
		Debug|Any CPU = Debug|Any CPU
		Release|Any CPU = Release|Any CPU
	EndGlobalSection
	GlobalSection(ProjectConfigurationPlatforms) = postSolution
		{DDA31A67-8999-4658-8F8A-C033731D65F2}.Debug|Any CPU.ActiveCfg = Debug|Any CPU
		{DDA31A67-8999-4658-8F8A-C033731D65F2}.Debug|Any CPU.Build.0 = Debug|Any CPU
		{DDA31A67-8999-4658-8F8A-C033731D65F2}.Release|Any CPU.ActiveCfg = Release|Any CPU
		{DDA31A67-8999-4658-8F8A-C033731D65F2}.Release|Any CPU.Build.0 = Release|Any CPU
	EndGlobalSection
	GlobalSection(SolutionProperties) = preSolution
		HideSolutionNode = FALSE
	EndGlobalSection
	GlobalSection(ExtensibilityGlobals) = postSolution
		SolutionGuid = {6770247B-5EF4-4485-AC12-DE120E107D8D}
	EndGlobalSection
EndGlobal
